
Microsoft Visual Studio Solution File, Format Version 12.00
# Visual Studio 2012
Project("{FAE04EC0-301F-11D3-BF4B-00C04F79EFBC}") = "BootstrapMvc", "BootstrapMvc\BootstrapMvc.csproj", "{BDFA04B8-2AF6-493B-BC9E-39ED8E2D5235}"
EndProject
Project("{FAE04EC0-301F-11D3-BF4B-00C04F79EFBC}") = "BootTest", "BootTest\BootTest.csproj", "{4E550E70-20A2-4CA8-B4E8-63E7342C99BE}"
EndProject
Global
	GlobalSection(SolutionConfigurationPlatforms) = preSolution
		Debug|Any CPU = Debug|Any CPU
		Release|Any CPU = Release|Any CPU
	EndGlobalSection
	GlobalSection(ProjectConfigurationPlatforms) = postSolution
		{BDFA04B8-2AF6-493B-BC9E-39ED8E2D5235}.Debug|Any CPU.ActiveCfg = Debug|Any CPU
		{BDFA04B8-2AF6-493B-BC9E-39ED8E2D5235}.Debug|Any CPU.Build.0 = Debug|Any CPU
		{BDFA04B8-2AF6-493B-BC9E-39ED8E2D5235}.Release|Any CPU.ActiveCfg = Release|Any CPU
		{BDFA04B8-2AF6-493B-BC9E-39ED8E2D5235}.Release|Any CPU.Build.0 = Release|Any CPU
		{4E550E70-20A2-4CA8-B4E8-63E7342C99BE}.Debug|Any CPU.ActiveCfg = Debug|Any CPU
		{4E550E70-20A2-4CA8-B4E8-63E7342C99BE}.Debug|Any CPU.Build.0 = Debug|Any CPU
		{4E550E70-20A2-4CA8-B4E8-63E7342C99BE}.Release|Any CPU.ActiveCfg = Release|Any CPU
		{4E550E70-20A2-4CA8-B4E8-63E7342C99BE}.Release|Any CPU.Build.0 = Release|Any CPU
	EndGlobalSection
	GlobalSection(SolutionProperties) = preSolution
		HideSolutionNode = FALSE
	EndGlobalSection
EndGlobal
